
Microsoft Visual Studio Solution File, Format Version 12.00
# Visual Studio Version 17
VisualStudioVersion = 17.2.32630.192
MinimumVisualStudioVersion = 10.0.40219.1
Project("{FAE04EC0-301F-11D3-BF4B-00C04F79EFBC}") = "gestion_assoc", "gestion_assoc\gestion_assoc.csproj", "{A2E9E6DB-60FB-4898-93DB-8CFE80CEECC4}"
EndProject
Global
	GlobalSection(SolutionConfigurationPlatforms) = preSolution
		Debug|Any CPU = Debug|Any CPU
		Release|Any CPU = Release|Any CPU
	EndGlobalSection
	GlobalSection(ProjectConfigurationPlatforms) = postSolution
		{A2E9E6DB-60FB-4898-93DB-8CFE80CEECC4}.Debug|Any CPU.ActiveCfg = Debug|Any CPU
		{A2E9E6DB-60FB-4898-93DB-8CFE80CEECC4}.Debug|Any CPU.Build.0 = Debug|Any CPU
		{A2E9E6DB-60FB-4898-93DB-8CFE80CEECC4}.Release|Any CPU.ActiveCfg = Release|Any CPU
		{A2E9E6DB-60FB-4898-93DB-8CFE80CEECC4}.Release|Any CPU.Build.0 = Release|Any CPU
	EndGlobalSection
	GlobalSection(SolutionProperties) = preSolution
		HideSolutionNode = FALSE
	EndGlobalSection
	GlobalSection(ExtensibilityGlobals) = postSolution
		SolutionGuid = {BA168972-6DEE-4F64-B237-CA1BDD13BF90}
	EndGlobalSection
EndGlobal
